
Microsoft Visual Studio Solution File, Format Version 12.00
Project("{FAE04EC0-301F-11D3-BF4B-00C04F79EFBC}") = "Cwiczenia 4", "Cwiczenia 4\Cwiczenia 4.csproj", "{C393C763-0B97-41B5-909E-3751DD23D6AA}"
EndProject
Global
	GlobalSection(SolutionConfigurationPlatforms) = preSolution
		Debug|Any CPU = Debug|Any CPU
		Release|Any CPU = Release|Any CPU
	EndGlobalSection
	GlobalSection(ProjectConfigurationPlatforms) = postSolution
		{C393C763-0B97-41B5-909E-3751DD23D6AA}.Debug|Any CPU.ActiveCfg = Debug|Any CPU
		{C393C763-0B97-41B5-909E-3751DD23D6AA}.Debug|Any CPU.Build.0 = Debug|Any CPU
		{C393C763-0B97-41B5-909E-3751DD23D6AA}.Release|Any CPU.ActiveCfg = Release|Any CPU
		{C393C763-0B97-41B5-909E-3751DD23D6AA}.Release|Any CPU.Build.0 = Release|Any CPU
	EndGlobalSection
EndGlobal
