
Microsoft Visual Studio Solution File, Format Version 12.00
Project("{FAE04EC0-301F-11D3-BF4B-00C04F79EFBC}") = "Cwiczenia 9", "Cwiczenia 9\Cwiczenia 9.csproj", "{54CE1C83-21A6-4D03-90C2-DFE3166CD25D}"
EndProject
Global
	GlobalSection(SolutionConfigurationPlatforms) = preSolution
		Debug|Any CPU = Debug|Any CPU
		Release|Any CPU = Release|Any CPU
	EndGlobalSection
	GlobalSection(ProjectConfigurationPlatforms) = postSolution
		{54CE1C83-21A6-4D03-90C2-DFE3166CD25D}.Debug|Any CPU.ActiveCfg = Debug|Any CPU
		{54CE1C83-21A6-4D03-90C2-DFE3166CD25D}.Debug|Any CPU.Build.0 = Debug|Any CPU
		{54CE1C83-21A6-4D03-90C2-DFE3166CD25D}.Release|Any CPU.ActiveCfg = Release|Any CPU
		{54CE1C83-21A6-4D03-90C2-DFE3166CD25D}.Release|Any CPU.Build.0 = Release|Any CPU
	EndGlobalSection
EndGlobal
